
Microsoft Visual Studio Solution File, Format Version 12.00
# Visual Studio Version 16
VisualStudioVersion = 16.0.31727.386
MinimumVisualStudioVersion = 10.0.40219.1
Project("{FAE04EC0-301F-11D3-BF4B-00C04F79EFBC}") = "ShowCollectionExactCount", "ShowCollectionExactCount.csproj", "{BBD0910E-38AE-46D2-BD2F-CC8D6A4C22BD}"
EndProject
Global
	GlobalSection(SolutionConfigurationPlatforms) = preSolution
		Debug|Any CPU = Debug|Any CPU
		Release|Any CPU = Release|Any CPU
	EndGlobalSection
	GlobalSection(ProjectConfigurationPlatforms) = postSolution
		{BBD0910E-38AE-46D2-BD2F-CC8D6A4C22BD}.Debug|Any CPU.ActiveCfg = Debug|Any CPU
		{BBD0910E-38AE-46D2-BD2F-CC8D6A4C22BD}.Debug|Any CPU.Build.0 = Debug|Any CPU
		{BBD0910E-38AE-46D2-BD2F-CC8D6A4C22BD}.Release|Any CPU.ActiveCfg = Release|Any CPU
		{BBD0910E-38AE-46D2-BD2F-CC8D6A4C22BD}.Release|Any CPU.Build.0 = Release|Any CPU
	EndGlobalSection
	GlobalSection(SolutionProperties) = preSolution
		HideSolutionNode = FALSE
	EndGlobalSection
	GlobalSection(ExtensibilityGlobals) = postSolution
		SolutionGuid = {F73103D5-B308-47BE-9149-C43D1E24B5E9}
	EndGlobalSection
EndGlobal
